
Microsoft Visual Studio Solution File, Format Version 12.00
# Visual Studio Version 17
VisualStudioVersion = 17.9.34607.119
MinimumVisualStudioVersion = 10.0.40219.1
Project("{FAE04EC0-301F-11D3-BF4B-00C04F79EFBC}") = "PuyoPuyo2", "PuyoPuyo2\PuyoPuyo2.csproj", "{8683AB05-BDB9-424E-A939-37A4622FADD6}"
EndProject
Global
	GlobalSection(SolutionConfigurationPlatforms) = preSolution
		Debug|Any CPU = Debug|Any CPU
		Release|Any CPU = Release|Any CPU
	EndGlobalSection
	GlobalSection(ProjectConfigurationPlatforms) = postSolution
		{8683AB05-BDB9-424E-A939-37A4622FADD6}.Debug|Any CPU.ActiveCfg = Debug|Any CPU
		{8683AB05-BDB9-424E-A939-37A4622FADD6}.Debug|Any CPU.Build.0 = Debug|Any CPU
		{8683AB05-BDB9-424E-A939-37A4622FADD6}.Release|Any CPU.ActiveCfg = Release|Any CPU
		{8683AB05-BDB9-424E-A939-37A4622FADD6}.Release|Any CPU.Build.0 = Release|Any CPU
	EndGlobalSection
	GlobalSection(SolutionProperties) = preSolution
		HideSolutionNode = FALSE
	EndGlobalSection
	GlobalSection(ExtensibilityGlobals) = postSolution
		SolutionGuid = {28012A58-9E3D-4817-846A-FDD6952A89AC}
	EndGlobalSection
EndGlobal
